
Microsoft Visual Studio Solution File, Format Version 12.00
# Visual Studio 14
VisualStudioVersion = 14.0.25420.1
MinimumVisualStudioVersion = 10.0.40219.1
Project("{FAE04EC0-301F-11D3-BF4B-00C04F79EFBC}") = "Intermoda.Produccion.Lecturas.Data", "Intermoda.Produccion.Lecturas.Data\Intermoda.Produccion.Lecturas.Data.csproj", "{BE18FE62-F7FE-4457-8601-EEA247D95A12}"
EndProject
Project("{2150E333-8FDC-42A3-9474-1A3956D46DE8}") = "Data", "Data", "{0F3641E9-6AAF-4AAD-804E-69D20C4CC729}"
EndProject
Project("{2150E333-8FDC-42A3-9474-1A3956D46DE8}") = "Business", "Business", "{9ED7F8CA-349C-4D18-B53A-4C2583616FF7}"
EndProject
Project("{FAE04EC0-301F-11D3-BF4B-00C04F79EFBC}") = "Intermoda.Produccion.Lecturas.Business", "Intermoda.Produccion.Lecturas.Business\Intermoda.Produccion.Lecturas.Business.csproj", "{4E45240A-82BD-4E53-824F-A0C68FE6CA23}"
EndProject
Project("{2150E333-8FDC-42A3-9474-1A3956D46DE8}") = "Common", "Common", "{70E9DAB0-EAC0-4644-8DBA-F02C8E10C29E}"
EndProject
Project("{FAE04EC0-301F-11D3-BF4B-00C04F79EFBC}") = "Intermoda.Common", "Intermoda.Common\Intermoda.Common.csproj", "{07C1E232-8946-4295-9D30-4F9B45F10EC0}"
EndProject
Project("{2150E333-8FDC-42A3-9474-1A3956D46DE8}") = "Servicios", "Servicios", "{19EAA134-1D87-4A80-84BC-0FFE3D469F9D}"
EndProject
Project("{2150E333-8FDC-42A3-9474-1A3956D46DE8}") = "Client", "Client", "{CD365C71-25DC-4936-98FC-E070808D3026}"
EndProject
Project("{FAE04EC0-301F-11D3-BF4B-00C04F79EFBC}") = "Intermoda.Produccion.Lecturas.ClientProxy", "Intermoda.Produccion.Lecturas.ClientProxy\Intermoda.Produccion.Lecturas.ClientProxy.csproj", "{F1A1B40F-DE9B-47CB-9FDE-099C3762CC85}"
	ProjectSection(ProjectDependencies) = postProject
		{5A064FC9-D48E-4F63-A7CE-542880CD95DB} = {5A064FC9-D48E-4F63-A7CE-542880CD95DB}
	EndProjectSection
EndProject
Project("{FAE04EC0-301F-11D3-BF4B-00C04F79EFBC}") = "Intermoda.Produccion.Lecturas.Client", "Intermoda.Porduccion.Lecturas.Client\Intermoda.Produccion.Lecturas.Client.csproj", "{F581B7F5-A152-4656-8669-B0E12552BA66}"
EndProject
Project("{2150E333-8FDC-42A3-9474-1A3956D46DE8}") = "Apps", "Apps", "{3C61A4B1-1652-4682-AAB1-8E947E76D68E}"
EndProject
Project("{FAE04EC0-301F-11D3-BF4B-00C04F79EFBC}") = "Intermoda.Wpf.Controls", "Intermoda.Wpf.Controls\Intermoda.Wpf.Controls.csproj", "{149A1F21-2852-41FD-ADA0-7114913BACF5}"
EndProject
Project("{FAE04EC0-301F-11D3-BF4B-00C04F79EFBC}") = "Intermoda.Produccion.Lecturas.App", "Intermoda.Produccion.Lecturas.App\Intermoda.Produccion.Lecturas.App.csproj", "{AE35EBCD-FC4F-4A23-A947-2EA85B9DFC84}"
EndProject
Project("{FAE04EC0-301F-11D3-BF4B-00C04F79EFBC}") = "Intermoda.AX.Data", "Intermoda.AX.Data\Intermoda.AX.Data.csproj", "{45C9D327-CBED-49C8-86E9-3E0B4940141F}"
EndProject
Project("{FAE04EC0-301F-11D3-BF4B-00C04F79EFBC}") = "Intermoda.Produccion.Lavanderia", "Intermoda.Produccion.Lavanderia\Intermoda.Produccion.Lavanderia.csproj", "{4DF85E9A-3064-4D25-9847-56EF34EE9AF4}"
EndProject
Project("{FAE04EC0-301F-11D3-BF4B-00C04F79EFBC}") = "Intermoda.LbDatPro", "Intermoda.LbDatPro\Intermoda.LbDatPro.csproj", "{B65451A2-DCC5-4864-9886-0B37F5DD3365}"
EndProject
Project("{FAE04EC0-301F-11D3-BF4B-00C04F79EFBC}") = "Intermoda.Reports", "Intermoda.Reports\Intermoda.Reports.csproj", "{B64BD533-25B9-4280-BEDD-0506A455C60C}"
EndProject
Project("{FAE04EC0-301F-11D3-BF4B-00C04F79EFBC}") = "Intermoda.DataService.LbDatPro", "Intermoda.DataService.LbDatPro\Intermoda.DataService.LbDatPro.csproj", "{5A064FC9-D48E-4F63-A7CE-542880CD95DB}"
EndProject
Project("{2150E333-8FDC-42A3-9474-1A3956D46DE8}") = "Proxies", "Proxies", "{CA24EA8A-10F6-4309-BC76-09C0A2A0B7D8}"
EndProject
Project("{FAE04EC0-301F-11D3-BF4B-00C04F79EFBC}") = "Intermoda.ClientProxy.LbDatPro", "Intermoda.ClientProxy.LbDatPro\Intermoda.ClientProxy.LbDatPro.csproj", "{790BE3F7-F02C-4986-BE21-D353F364DBFA}"
	ProjectSection(ProjectDependencies) = postProject
		{5A064FC9-D48E-4F63-A7CE-542880CD95DB} = {5A064FC9-D48E-4F63-A7CE-542880CD95DB}
	EndProjectSection
EndProject
Project("{FAE04EC0-301F-11D3-BF4B-00C04F79EFBC}") = "Intermoda.Client.LbDatPro", "Intermoda.Client.LbDatPro\Intermoda.Client.LbDatPro.csproj", "{D93C5D0C-40D3-4E34-B5C9-5FB8AF761F3F}"
EndProject
Project("{FAE04EC0-301F-11D3-BF4B-00C04F79EFBC}") = "Intermoda.DataService.Lectura", "Intermoda.DataService.Lectura\Intermoda.DataService.Lectura.csproj", "{74A7520A-101F-4FF2-818E-E6DD245F6BD2}"
EndProject
Project("{FAE04EC0-301F-11D3-BF4B-00C04F79EFBC}") = "Intermoda.DataService.Lavanderia", "Intermoda.DataService.Lavanderia\Intermoda.DataService.Lavanderia.csproj", "{970CC690-41F5-4CFD-9865-66C9A0E20AF6}"
EndProject
Project("{FAE04EC0-301F-11D3-BF4B-00C04F79EFBC}") = "Intermoda.DataService.Ax", "Intermoda.DataService.Ax\Intermoda.DataService.Ax.csproj", "{19811704-2EA5-40A4-8953-FC7B40A55F98}"
EndProject
Project("{FAE04EC0-301F-11D3-BF4B-00C04F79EFBC}") = "Intermoda.Business.Lecturas", "Intermoda.Business.Lecturas\Intermoda.Business.Lecturas.csproj", "{0A42EEBA-D076-41C8-880D-DF18666229EA}"
EndProject
Project("{FAE04EC0-301F-11D3-BF4B-00C04F79EFBC}") = "Intermoda.Business.Lavanderia", "Intermoda.Business.Lavanderia\Intermoda.Business.Lavanderia.csproj", "{F02D7C05-76A1-4DD2-8DC3-FC6E0041894A}"
EndProject
Project("{FAE04EC0-301F-11D3-BF4B-00C04F79EFBC}") = "Intermoda.Business.LbDatPro", "Intermoda.Business.LbDatPro\Intermoda.Business.LbDatPro.csproj", "{9CC0A2F6-74DE-4A3B-9A30-805F2B9ED06E}"
EndProject
Project("{FAE04EC0-301F-11D3-BF4B-00C04F79EFBC}") = "Intermoda.Business.Ax", "Intermoda.Business.Ax\Intermoda.Business.Ax.csproj", "{9D7D6CDB-A63B-4C0C-84C2-943D7A14CAAF}"
EndProject
Project("{FAE04EC0-301F-11D3-BF4B-00C04F79EFBC}") = "Intermoda.ClientProxy.Ax", "Intermoda.ClientProxy.Ax\Intermoda.ClientProxy.Ax.csproj", "{1102679D-5F1B-40D2-94F4-A1C4BE44747D}"
EndProject
Project("{FAE04EC0-301F-11D3-BF4B-00C04F79EFBC}") = "Intermoda.ClientProxy.Lavanderia", "Intermoda.ClientProxy.Lavanderia\Intermoda.ClientProxy.Lavanderia.csproj", "{B80456D1-2154-4D5F-977E-FD480AD7FDCD}"
	ProjectSection(ProjectDependencies) = postProject
		{970CC690-41F5-4CFD-9865-66C9A0E20AF6} = {970CC690-41F5-4CFD-9865-66C9A0E20AF6}
	EndProjectSection
EndProject
Project("{FAE04EC0-301F-11D3-BF4B-00C04F79EFBC}") = "Intermoda.ClientProxy.Lectura", "Intermoda.ClientProxy.Lectura\Intermoda.ClientProxy.Lectura.csproj", "{2F90415F-FCDD-4BED-9E5E-1F36CD484971}"
	ProjectSection(ProjectDependencies) = postProject
		{74A7520A-101F-4FF2-818E-E6DD245F6BD2} = {74A7520A-101F-4FF2-818E-E6DD245F6BD2}
	EndProjectSection
EndProject
Project("{FAE04EC0-301F-11D3-BF4B-00C04F79EFBC}") = "Intermoda.Client.Ax", "Intermoda.Client.Ax\Intermoda.Client.Ax.csproj", "{DCE7D388-DA24-403A-8E88-87B100DFF7FA}"
EndProject
Project("{FAE04EC0-301F-11D3-BF4B-00C04F79EFBC}") = "Intermoda.Client.Lavanderia", "Intermoda.Client.Lavanderia\Intermoda.Client.Lavanderia.csproj", "{C61FDFF7-45E8-4000-B44D-07969BE92383}"
EndProject
Project("{FAE04EC0-301F-11D3-BF4B-00C04F79EFBC}") = "Intermoda.Client.Lectura", "Intermoda.Client.Lectura\Intermoda.Client.Lectura.csproj", "{4E05DB18-B8DA-468A-ACF2-C364617CAD9C}"
EndProject
Project("{2150E333-8FDC-42A3-9474-1A3956D46DE8}") = "DataServices", "DataServices", "{361A9FDE-1435-43C6-8727-D1BB5EB1DDEE}"
EndProject
Project("{FAE04EC0-301F-11D3-BF4B-00C04F79EFBC}") = "Intermoda.Client.DataService.Ax", "Intermoda.Client.DataService.Ax\Intermoda.Client.DataService.Ax.csproj", "{7B081675-6910-4FEC-9508-DE211EAE4093}"
EndProject
Project("{FAE04EC0-301F-11D3-BF4B-00C04F79EFBC}") = "Intermoda.Client.DataService.Lavanderia", "Intermoda.Client.DataService.Lavanderia\Intermoda.Client.DataService.Lavanderia.csproj", "{59435E8C-0D3B-49C4-8BD7-7BDAE6A641B9}"
	ProjectSection(ProjectDependencies) = postProject
		{970CC690-41F5-4CFD-9865-66C9A0E20AF6} = {970CC690-41F5-4CFD-9865-66C9A0E20AF6}
	EndProjectSection
EndProject
Project("{FAE04EC0-301F-11D3-BF4B-00C04F79EFBC}") = "Intermoda.Client.DataService.LbDatPro", "Intermoda.Client.DataService.LbDatPro\Intermoda.Client.DataService.LbDatPro.csproj", "{0E7C5132-DBA0-4C5B-B8EC-CCBB860AA217}"
EndProject
Project("{FAE04EC0-301F-11D3-BF4B-00C04F79EFBC}") = "Intermoda.Client.DataService.Lectura", "Intermoda.Client.DataService.Lectura\Intermoda.Client.DataService.Lectura.csproj", "{1DD5B64B-665B-434F-9180-656A66D83C1B}"
EndProject
Project("{2150E333-8FDC-42A3-9474-1A3956D46DE8}") = "Reports", "Reports", "{E54082E3-35DD-4E14-9702-5CB8F15E1D03}"
EndProject
Project("{FAE04EC0-301F-11D3-BF4B-00C04F79EFBC}") = "Intermoda.Produccion.Reports.Lavanderia", "Intermoda.Produccion.Reports.Lavanderia\Intermoda.Produccion.Reports.Lavanderia.csproj", "{3B5F1E52-91FF-4AD0-A780-6E32BF84C117}"
EndProject
Project("{FAE04EC0-301F-11D3-BF4B-00C04F79EFBC}") = "Intermoda.Maquilado", "Intermoda.Maquilado\Intermoda.Maquilado.csproj", "{DA4F9FC9-EAF1-4579-B8E8-9612A41A5488}"
EndProject
Project("{2150E333-8FDC-42A3-9474-1A3956D46DE8}") = "WebApp", "WebApp", "{E5E670AF-73A9-4A4B-A493-F4AF8AD1A5A4}"
EndProject
Project("{8BB2217D-0F2D-49D1-97BC-3654ED321F3B}") = "Intermoda.WebApp.Maquilado", "Intermoda.WebApp.Maquilado\Intermoda.WebApp.Maquilado.xproj", "{3C8C0F01-1961-4267-ACB5-6650390378C0}"
EndProject
Project("{FAE04EC0-301F-11D3-BF4B-00C04F79EFBC}") = "Intermoda.Business.Crm.Entities", "Intermoda.Business.Crm\Intermoda.Business.Crm.Entities.csproj", "{85B67D90-E9CD-4CEC-BCDD-AD3A45668DD2}"
EndProject
Project("{FAE04EC0-301F-11D3-BF4B-00C04F79EFBC}") = "Intermoda.Business.Crm.Repository", "Intermoda.Business.Crm.Repository\Intermoda.Business.Crm.Repository.csproj", "{67C283A2-4181-4859-863A-962228E1D49F}"
EndProject
Project("{FAE04EC0-301F-11D3-BF4B-00C04F79EFBC}") = "Intermoda.Crm.Data", "Intermoda.Crm.Data\Intermoda.Crm.Data.csproj", "{F1E2F476-AC13-45C6-B9BD-BBCE79349453}"
EndProject
Project("{FAE04EC0-301F-11D3-BF4B-00C04F79EFBC}") = "Intermoda.Client.DataService.Crm", "Intermoda.Client.DataService.Crm\Intermoda.Client.DataService.Crm.csproj", "{E3971C9D-3A72-4B57-9453-3CEAE1F0E43E}"
EndProject
Project("{FAE04EC0-301F-11D3-BF4B-00C04F79EFBC}") = "Intermoda.Crm", "Intermoda.Crm\Intermoda.Crm.csproj", "{2CEB942F-6C43-4B07-ADA3-90DFD0F0A01B}"
EndProject
Global
	GlobalSection(SolutionConfigurationPlatforms) = preSolution
		Debug|Any CPU = Debug|Any CPU
		Release|Any CPU = Release|Any CPU
	EndGlobalSection
	GlobalSection(ProjectConfigurationPlatforms) = postSolution
		{BE18FE62-F7FE-4457-8601-EEA247D95A12}.Debug|Any CPU.ActiveCfg = Debug|Any CPU
		{BE18FE62-F7FE-4457-8601-EEA247D95A12}.Debug|Any CPU.Build.0 = Debug|Any CPU
		{BE18FE62-F7FE-4457-8601-EEA247D95A12}.Release|Any CPU.ActiveCfg = Release|Any CPU
		{BE18FE62-F7FE-4457-8601-EEA247D95A12}.Release|Any CPU.Build.0 = Release|Any CPU
		{4E45240A-82BD-4E53-824F-A0C68FE6CA23}.Debug|Any CPU.ActiveCfg = Debug|Any CPU
		{4E45240A-82BD-4E53-824F-A0C68FE6CA23}.Debug|Any CPU.Build.0 = Debug|Any CPU
		{4E45240A-82BD-4E53-824F-A0C68FE6CA23}.Release|Any CPU.ActiveCfg = Release|Any CPU
		{4E45240A-82BD-4E53-824F-A0C68FE6CA23}.Release|Any CPU.Build.0 = Release|Any CPU
		{07C1E232-8946-4295-9D30-4F9B45F10EC0}.Debug|Any CPU.ActiveCfg = Debug|Any CPU
		{07C1E232-8946-4295-9D30-4F9B45F10EC0}.Debug|Any CPU.Build.0 = Debug|Any CPU
		{07C1E232-8946-4295-9D30-4F9B45F10EC0}.Release|Any CPU.ActiveCfg = Release|Any CPU
		{07C1E232-8946-4295-9D30-4F9B45F10EC0}.Release|Any CPU.Build.0 = Release|Any CPU
		{F1A1B40F-DE9B-47CB-9FDE-099C3762CC85}.Debug|Any CPU.ActiveCfg = Debug|Any CPU
		{F1A1B40F-DE9B-47CB-9FDE-099C3762CC85}.Debug|Any CPU.Build.0 = Debug|Any CPU
		{F1A1B40F-DE9B-47CB-9FDE-099C3762CC85}.Release|Any CPU.ActiveCfg = Release|Any CPU
		{F1A1B40F-DE9B-47CB-9FDE-099C3762CC85}.Release|Any CPU.Build.0 = Release|Any CPU
		{F581B7F5-A152-4656-8669-B0E12552BA66}.Debug|Any CPU.ActiveCfg = Debug|Any CPU
		{F581B7F5-A152-4656-8669-B0E12552BA66}.Debug|Any CPU.Build.0 = Debug|Any CPU
		{F581B7F5-A152-4656-8669-B0E12552BA66}.Release|Any CPU.ActiveCfg = Release|Any CPU
		{F581B7F5-A152-4656-8669-B0E12552BA66}.Release|Any CPU.Build.0 = Release|Any CPU
		{149A1F21-2852-41FD-ADA0-7114913BACF5}.Debug|Any CPU.ActiveCfg = Debug|Any CPU
		{149A1F21-2852-41FD-ADA0-7114913BACF5}.Debug|Any CPU.Build.0 = Debug|Any CPU
		{149A1F21-2852-41FD-ADA0-7114913BACF5}.Release|Any CPU.ActiveCfg = Release|Any CPU
		{149A1F21-2852-41FD-ADA0-7114913BACF5}.Release|Any CPU.Build.0 = Release|Any CPU
		{AE35EBCD-FC4F-4A23-A947-2EA85B9DFC84}.Debug|Any CPU.ActiveCfg = Debug|Any CPU
		{AE35EBCD-FC4F-4A23-A947-2EA85B9DFC84}.Debug|Any CPU.Build.0 = Debug|Any CPU
		{AE35EBCD-FC4F-4A23-A947-2EA85B9DFC84}.Release|Any CPU.ActiveCfg = Release|Any CPU
		{AE35EBCD-FC4F-4A23-A947-2EA85B9DFC84}.Release|Any CPU.Build.0 = Release|Any CPU
		{45C9D327-CBED-49C8-86E9-3E0B4940141F}.Debug|Any CPU.ActiveCfg = Debug|Any CPU
		{45C9D327-CBED-49C8-86E9-3E0B4940141F}.Debug|Any CPU.Build.0 = Debug|Any CPU
		{45C9D327-CBED-49C8-86E9-3E0B4940141F}.Release|Any CPU.ActiveCfg = Release|Any CPU
		{45C9D327-CBED-49C8-86E9-3E0B4940141F}.Release|Any CPU.Build.0 = Release|Any CPU
		{4DF85E9A-3064-4D25-9847-56EF34EE9AF4}.Debug|Any CPU.ActiveCfg = Debug|Any CPU
		{4DF85E9A-3064-4D25-9847-56EF34EE9AF4}.Debug|Any CPU.Build.0 = Debug|Any CPU
		{4DF85E9A-3064-4D25-9847-56EF34EE9AF4}.Release|Any CPU.ActiveCfg = Release|Any CPU
		{4DF85E9A-3064-4D25-9847-56EF34EE9AF4}.Release|Any CPU.Build.0 = Release|Any CPU
		{B65451A2-DCC5-4864-9886-0B37F5DD3365}.Debug|Any CPU.ActiveCfg = Debug|Any CPU
		{B65451A2-DCC5-4864-9886-0B37F5DD3365}.Debug|Any CPU.Build.0 = Debug|Any CPU
		{B65451A2-DCC5-4864-9886-0B37F5DD3365}.Release|Any CPU.ActiveCfg = Release|Any CPU
		{B65451A2-DCC5-4864-9886-0B37F5DD3365}.Release|Any CPU.Build.0 = Release|Any CPU
		{B64BD533-25B9-4280-BEDD-0506A455C60C}.Debug|Any CPU.ActiveCfg = Debug|Any CPU
		{B64BD533-25B9-4280-BEDD-0506A455C60C}.Debug|Any CPU.Build.0 = Debug|Any CPU
		{B64BD533-25B9-4280-BEDD-0506A455C60C}.Release|Any CPU.ActiveCfg = Release|Any CPU
		{B64BD533-25B9-4280-BEDD-0506A455C60C}.Release|Any CPU.Build.0 = Release|Any CPU
		{5A064FC9-D48E-4F63-A7CE-542880CD95DB}.Debug|Any CPU.ActiveCfg = Debug|Any CPU
		{5A064FC9-D48E-4F63-A7CE-542880CD95DB}.Debug|Any CPU.Build.0 = Debug|Any CPU
		{5A064FC9-D48E-4F63-A7CE-542880CD95DB}.Release|Any CPU.ActiveCfg = Release|Any CPU
		{5A064FC9-D48E-4F63-A7CE-542880CD95DB}.Release|Any CPU.Build.0 = Release|Any CPU
		{790BE3F7-F02C-4986-BE21-D353F364DBFA}.Debug|Any CPU.ActiveCfg = Debug|Any CPU
		{790BE3F7-F02C-4986-BE21-D353F364DBFA}.Debug|Any CPU.Build.0 = Debug|Any CPU
		{790BE3F7-F02C-4986-BE21-D353F364DBFA}.Release|Any CPU.ActiveCfg = Release|Any CPU
		{790BE3F7-F02C-4986-BE21-D353F364DBFA}.Release|Any CPU.Build.0 = Release|Any CPU
		{D93C5D0C-40D3-4E34-B5C9-5FB8AF761F3F}.Debug|Any CPU.ActiveCfg = Debug|Any CPU
		{D93C5D0C-40D3-4E34-B5C9-5FB8AF761F3F}.Debug|Any CPU.Build.0 = Debug|Any CPU
		{D93C5D0C-40D3-4E34-B5C9-5FB8AF761F3F}.Release|Any CPU.ActiveCfg = Release|Any CPU
		{D93C5D0C-40D3-4E34-B5C9-5FB8AF761F3F}.Release|Any CPU.Build.0 = Release|Any CPU
		{74A7520A-101F-4FF2-818E-E6DD245F6BD2}.Debug|Any CPU.ActiveCfg = Debug|Any CPU
		{74A7520A-101F-4FF2-818E-E6DD245F6BD2}.Debug|Any CPU.Build.0 = Debug|Any CPU
		{74A7520A-101F-4FF2-818E-E6DD245F6BD2}.Release|Any CPU.ActiveCfg = Release|Any CPU
		{74A7520A-101F-4FF2-818E-E6DD245F6BD2}.Release|Any CPU.Build.0 = Release|Any CPU
		{970CC690-41F5-4CFD-9865-66C9A0E20AF6}.Debug|Any CPU.ActiveCfg = Debug|Any CPU
		{970CC690-41F5-4CFD-9865-66C9A0E20AF6}.Debug|Any CPU.Build.0 = Debug|Any CPU
		{970CC690-41F5-4CFD-9865-66C9A0E20AF6}.Release|Any CPU.ActiveCfg = Release|Any CPU
		{970CC690-41F5-4CFD-9865-66C9A0E20AF6}.Release|Any CPU.Build.0 = Release|Any CPU
		{19811704-2EA5-40A4-8953-FC7B40A55F98}.Debug|Any CPU.ActiveCfg = Debug|Any CPU
		{19811704-2EA5-40A4-8953-FC7B40A55F98}.Debug|Any CPU.Build.0 = Debug|Any CPU
		{19811704-2EA5-40A4-8953-FC7B40A55F98}.Release|Any CPU.ActiveCfg = Release|Any CPU
		{19811704-2EA5-40A4-8953-FC7B40A55F98}.Release|Any CPU.Build.0 = Release|Any CPU
		{0A42EEBA-D076-41C8-880D-DF18666229EA}.Debug|Any CPU.ActiveCfg = Debug|Any CPU
		{0A42EEBA-D076-41C8-880D-DF18666229EA}.Debug|Any CPU.Build.0 = Debug|Any CPU
		{0A42EEBA-D076-41C8-880D-DF18666229EA}.Release|Any CPU.ActiveCfg = Release|Any CPU
		{0A42EEBA-D076-41C8-880D-DF18666229EA}.Release|Any CPU.Build.0 = Release|Any CPU
		{F02D7C05-76A1-4DD2-8DC3-FC6E0041894A}.Debug|Any CPU.ActiveCfg = Debug|Any CPU
		{F02D7C05-76A1-4DD2-8DC3-FC6E0041894A}.Debug|Any CPU.Build.0 = Debug|Any CPU
		{F02D7C05-76A1-4DD2-8DC3-FC6E0041894A}.Release|Any CPU.ActiveCfg = Release|Any CPU
		{F02D7C05-76A1-4DD2-8DC3-FC6E0041894A}.Release|Any CPU.Build.0 = Release|Any CPU
		{9CC0A2F6-74DE-4A3B-9A30-805F2B9ED06E}.Debug|Any CPU.ActiveCfg = Debug|Any CPU
		{9CC0A2F6-74DE-4A3B-9A30-805F2B9ED06E}.Debug|Any CPU.Build.0 = Debug|Any CPU
		{9CC0A2F6-74DE-4A3B-9A30-805F2B9ED06E}.Release|Any CPU.ActiveCfg = Release|Any CPU
		{9CC0A2F6-74DE-4A3B-9A30-805F2B9ED06E}.Release|Any CPU.Build.0 = Release|Any CPU
		{9D7D6CDB-A63B-4C0C-84C2-943D7A14CAAF}.Debug|Any CPU.ActiveCfg = Debug|Any CPU
		{9D7D6CDB-A63B-4C0C-84C2-943D7A14CAAF}.Debug|Any CPU.Build.0 = Debug|Any CPU
		{9D7D6CDB-A63B-4C0C-84C2-943D7A14CAAF}.Release|Any CPU.ActiveCfg = Release|Any CPU
		{9D7D6CDB-A63B-4C0C-84C2-943D7A14CAAF}.Release|Any CPU.Build.0 = Release|Any CPU
		{1102679D-5F1B-40D2-94F4-A1C4BE44747D}.Debug|Any CPU.ActiveCfg = Debug|Any CPU
		{1102679D-5F1B-40D2-94F4-A1C4BE44747D}.Debug|Any CPU.Build.0 = Debug|Any CPU
		{1102679D-5F1B-40D2-94F4-A1C4BE44747D}.Release|Any CPU.ActiveCfg = Release|Any CPU
		{1102679D-5F1B-40D2-94F4-A1C4BE44747D}.Release|Any CPU.Build.0 = Release|Any CPU
		{B80456D1-2154-4D5F-977E-FD480AD7FDCD}.Debug|Any CPU.ActiveCfg = Debug|Any CPU
		{B80456D1-2154-4D5F-977E-FD480AD7FDCD}.Debug|Any CPU.Build.0 = Debug|Any CPU
		{B80456D1-2154-4D5F-977E-FD480AD7FDCD}.Release|Any CPU.ActiveCfg = Release|Any CPU
		{B80456D1-2154-4D5F-977E-FD480AD7FDCD}.Release|Any CPU.Build.0 = Release|Any CPU
		{2F90415F-FCDD-4BED-9E5E-1F36CD484971}.Debug|Any CPU.ActiveCfg = Debug|Any CPU
		{2F90415F-FCDD-4BED-9E5E-1F36CD484971}.Debug|Any CPU.Build.0 = Debug|Any CPU
		{2F90415F-FCDD-4BED-9E5E-1F36CD484971}.Release|Any CPU.ActiveCfg = Release|Any CPU
		{2F90415F-FCDD-4BED-9E5E-1F36CD484971}.Release|Any CPU.Build.0 = Release|Any CPU
		{DCE7D388-DA24-403A-8E88-87B100DFF7FA}.Debug|Any CPU.ActiveCfg = Debug|Any CPU
		{DCE7D388-DA24-403A-8E88-87B100DFF7FA}.Debug|Any CPU.Build.0 = Debug|Any CPU
		{DCE7D388-DA24-403A-8E88-87B100DFF7FA}.Release|Any CPU.ActiveCfg = Release|Any CPU
		{DCE7D388-DA24-403A-8E88-87B100DFF7FA}.Release|Any CPU.Build.0 = Release|Any CPU
		{C61FDFF7-45E8-4000-B44D-07969BE92383}.Debug|Any CPU.ActiveCfg = Debug|Any CPU
		{C61FDFF7-45E8-4000-B44D-07969BE92383}.Debug|Any CPU.Build.0 = Debug|Any CPU
		{C61FDFF7-45E8-4000-B44D-07969BE92383}.Release|Any CPU.ActiveCfg = Release|Any CPU
		{C61FDFF7-45E8-4000-B44D-07969BE92383}.Release|Any CPU.Build.0 = Release|Any CPU
		{4E05DB18-B8DA-468A-ACF2-C364617CAD9C}.Debug|Any CPU.ActiveCfg = Debug|Any CPU
		{4E05DB18-B8DA-468A-ACF2-C364617CAD9C}.Debug|Any CPU.Build.0 = Debug|Any CPU
		{4E05DB18-B8DA-468A-ACF2-C364617CAD9C}.Release|Any CPU.ActiveCfg = Release|Any CPU
		{4E05DB18-B8DA-468A-ACF2-C364617CAD9C}.Release|Any CPU.Build.0 = Release|Any CPU
		{7B081675-6910-4FEC-9508-DE211EAE4093}.Debug|Any CPU.ActiveCfg = Debug|Any CPU
		{7B081675-6910-4FEC-9508-DE211EAE4093}.Debug|Any CPU.Build.0 = Debug|Any CPU
		{7B081675-6910-4FEC-9508-DE211EAE4093}.Release|Any CPU.ActiveCfg = Release|Any CPU
		{7B081675-6910-4FEC-9508-DE211EAE4093}.Release|Any CPU.Build.0 = Release|Any CPU
		{59435E8C-0D3B-49C4-8BD7-7BDAE6A641B9}.Debug|Any CPU.ActiveCfg = Debug|Any CPU
		{59435E8C-0D3B-49C4-8BD7-7BDAE6A641B9}.Debug|Any CPU.Build.0 = Debug|Any CPU
		{59435E8C-0D3B-49C4-8BD7-7BDAE6A641B9}.Release|Any CPU.ActiveCfg = Release|Any CPU
		{59435E8C-0D3B-49C4-8BD7-7BDAE6A641B9}.Release|Any CPU.Build.0 = Release|Any CPU
		{0E7C5132-DBA0-4C5B-B8EC-CCBB860AA217}.Debug|Any CPU.ActiveCfg = Debug|Any CPU
		{0E7C5132-DBA0-4C5B-B8EC-CCBB860AA217}.Debug|Any CPU.Build.0 = Debug|Any CPU
		{0E7C5132-DBA0-4C5B-B8EC-CCBB860AA217}.Release|Any CPU.ActiveCfg = Release|Any CPU
		{0E7C5132-DBA0-4C5B-B8EC-CCBB860AA217}.Release|Any CPU.Build.0 = Release|Any CPU
		{1DD5B64B-665B-434F-9180-656A66D83C1B}.Debug|Any CPU.ActiveCfg = Debug|Any CPU
		{1DD5B64B-665B-434F-9180-656A66D83C1B}.Debug|Any CPU.Build.0 = Debug|Any CPU
		{1DD5B64B-665B-434F-9180-656A66D83C1B}.Release|Any CPU.ActiveCfg = Release|Any CPU
		{1DD5B64B-665B-434F-9180-656A66D83C1B}.Release|Any CPU.Build.0 = Release|Any CPU
		{3B5F1E52-91FF-4AD0-A780-6E32BF84C117}.Debug|Any CPU.ActiveCfg = Debug|Any CPU
		{3B5F1E52-91FF-4AD0-A780-6E32BF84C117}.Debug|Any CPU.Build.0 = Debug|Any CPU
		{3B5F1E52-91FF-4AD0-A780-6E32BF84C117}.Release|Any CPU.ActiveCfg = Release|Any CPU
		{3B5F1E52-91FF-4AD0-A780-6E32BF84C117}.Release|Any CPU.Build.0 = Release|Any CPU
		{DA4F9FC9-EAF1-4579-B8E8-9612A41A5488}.Debug|Any CPU.ActiveCfg = Debug|Any CPU
		{DA4F9FC9-EAF1-4579-B8E8-9612A41A5488}.Debug|Any CPU.Build.0 = Debug|Any CPU
		{DA4F9FC9-EAF1-4579-B8E8-9612A41A5488}.Release|Any CPU.ActiveCfg = Release|Any CPU
		{DA4F9FC9-EAF1-4579-B8E8-9612A41A5488}.Release|Any CPU.Build.0 = Release|Any CPU
		{3C8C0F01-1961-4267-ACB5-6650390378C0}.Debug|Any CPU.ActiveCfg = Debug|Any CPU
		{3C8C0F01-1961-4267-ACB5-6650390378C0}.Debug|Any CPU.Build.0 = Debug|Any CPU
		{3C8C0F01-1961-4267-ACB5-6650390378C0}.Release|Any CPU.ActiveCfg = Release|Any CPU
		{3C8C0F01-1961-4267-ACB5-6650390378C0}.Release|Any CPU.Build.0 = Release|Any CPU
		{85B67D90-E9CD-4CEC-BCDD-AD3A45668DD2}.Debug|Any CPU.ActiveCfg = Debug|Any CPU
		{85B67D90-E9CD-4CEC-BCDD-AD3A45668DD2}.Debug|Any CPU.Build.0 = Debug|Any CPU
		{85B67D90-E9CD-4CEC-BCDD-AD3A45668DD2}.Release|Any CPU.ActiveCfg = Release|Any CPU
		{85B67D90-E9CD-4CEC-BCDD-AD3A45668DD2}.Release|Any CPU.Build.0 = Release|Any CPU
		{67C283A2-4181-4859-863A-962228E1D49F}.Debug|Any CPU.ActiveCfg = Debug|Any CPU
		{67C283A2-4181-4859-863A-962228E1D49F}.Debug|Any CPU.Build.0 = Debug|Any CPU
		{67C283A2-4181-4859-863A-962228E1D49F}.Release|Any CPU.ActiveCfg = Release|Any CPU
		{67C283A2-4181-4859-863A-962228E1D49F}.Release|Any CPU.Build.0 = Release|Any CPU
		{F1E2F476-AC13-45C6-B9BD-BBCE79349453}.Debug|Any CPU.ActiveCfg = Debug|Any CPU
		{F1E2F476-AC13-45C6-B9BD-BBCE79349453}.Debug|Any CPU.Build.0 = Debug|Any CPU
		{F1E2F476-AC13-45C6-B9BD-BBCE79349453}.Release|Any CPU.ActiveCfg = Release|Any CPU
		{F1E2F476-AC13-45C6-B9BD-BBCE79349453}.Release|Any CPU.Build.0 = Release|Any CPU
		{E3971C9D-3A72-4B57-9453-3CEAE1F0E43E}.Debug|Any CPU.ActiveCfg = Debug|Any CPU
		{E3971C9D-3A72-4B57-9453-3CEAE1F0E43E}.Debug|Any CPU.Build.0 = Debug|Any CPU
		{E3971C9D-3A72-4B57-9453-3CEAE1F0E43E}.Release|Any CPU.ActiveCfg = Release|Any CPU
		{E3971C9D-3A72-4B57-9453-3CEAE1F0E43E}.Release|Any CPU.Build.0 = Release|Any CPU
		{2CEB942F-6C43-4B07-ADA3-90DFD0F0A01B}.Debug|Any CPU.ActiveCfg = Debug|Any CPU
		{2CEB942F-6C43-4B07-ADA3-90DFD0F0A01B}.Debug|Any CPU.Build.0 = Debug|Any CPU
		{2CEB942F-6C43-4B07-ADA3-90DFD0F0A01B}.Release|Any CPU.ActiveCfg = Release|Any CPU
		{2CEB942F-6C43-4B07-ADA3-90DFD0F0A01B}.Release|Any CPU.Build.0 = Release|Any CPU
	EndGlobalSection
	GlobalSection(SolutionProperties) = preSolution
		HideSolutionNode = FALSE
	EndGlobalSection
	GlobalSection(NestedProjects) = preSolution
		{BE18FE62-F7FE-4457-8601-EEA247D95A12} = {0F3641E9-6AAF-4AAD-804E-69D20C4CC729}
		{4E45240A-82BD-4E53-824F-A0C68FE6CA23} = {9ED7F8CA-349C-4D18-B53A-4C2583616FF7}
		{07C1E232-8946-4295-9D30-4F9B45F10EC0} = {70E9DAB0-EAC0-4644-8DBA-F02C8E10C29E}
		{F1A1B40F-DE9B-47CB-9FDE-099C3762CC85} = {CA24EA8A-10F6-4309-BC76-09C0A2A0B7D8}
		{F581B7F5-A152-4656-8669-B0E12552BA66} = {CD365C71-25DC-4936-98FC-E070808D3026}
		{149A1F21-2852-41FD-ADA0-7114913BACF5} = {70E9DAB0-EAC0-4644-8DBA-F02C8E10C29E}
		{AE35EBCD-FC4F-4A23-A947-2EA85B9DFC84} = {3C61A4B1-1652-4682-AAB1-8E947E76D68E}
		{45C9D327-CBED-49C8-86E9-3E0B4940141F} = {0F3641E9-6AAF-4AAD-804E-69D20C4CC729}
		{4DF85E9A-3064-4D25-9847-56EF34EE9AF4} = {0F3641E9-6AAF-4AAD-804E-69D20C4CC729}
		{B65451A2-DCC5-4864-9886-0B37F5DD3365} = {0F3641E9-6AAF-4AAD-804E-69D20C4CC729}
		{B64BD533-25B9-4280-BEDD-0506A455C60C} = {E54082E3-35DD-4E14-9702-5CB8F15E1D03}
		{5A064FC9-D48E-4F63-A7CE-542880CD95DB} = {19EAA134-1D87-4A80-84BC-0FFE3D469F9D}
		{CA24EA8A-10F6-4309-BC76-09C0A2A0B7D8} = {CD365C71-25DC-4936-98FC-E070808D3026}
		{790BE3F7-F02C-4986-BE21-D353F364DBFA} = {CA24EA8A-10F6-4309-BC76-09C0A2A0B7D8}
		{D93C5D0C-40D3-4E34-B5C9-5FB8AF761F3F} = {CD365C71-25DC-4936-98FC-E070808D3026}
		{74A7520A-101F-4FF2-818E-E6DD245F6BD2} = {19EAA134-1D87-4A80-84BC-0FFE3D469F9D}
		{970CC690-41F5-4CFD-9865-66C9A0E20AF6} = {19EAA134-1D87-4A80-84BC-0FFE3D469F9D}
		{19811704-2EA5-40A4-8953-FC7B40A55F98} = {19EAA134-1D87-4A80-84BC-0FFE3D469F9D}
		{0A42EEBA-D076-41C8-880D-DF18666229EA} = {9ED7F8CA-349C-4D18-B53A-4C2583616FF7}
		{F02D7C05-76A1-4DD2-8DC3-FC6E0041894A} = {9ED7F8CA-349C-4D18-B53A-4C2583616FF7}
		{9CC0A2F6-74DE-4A3B-9A30-805F2B9ED06E} = {9ED7F8CA-349C-4D18-B53A-4C2583616FF7}
		{9D7D6CDB-A63B-4C0C-84C2-943D7A14CAAF} = {9ED7F8CA-349C-4D18-B53A-4C2583616FF7}
		{1102679D-5F1B-40D2-94F4-A1C4BE44747D} = {CA24EA8A-10F6-4309-BC76-09C0A2A0B7D8}
		{B80456D1-2154-4D5F-977E-FD480AD7FDCD} = {CA24EA8A-10F6-4309-BC76-09C0A2A0B7D8}
		{2F90415F-FCDD-4BED-9E5E-1F36CD484971} = {CA24EA8A-10F6-4309-BC76-09C0A2A0B7D8}
		{DCE7D388-DA24-403A-8E88-87B100DFF7FA} = {CD365C71-25DC-4936-98FC-E070808D3026}
		{C61FDFF7-45E8-4000-B44D-07969BE92383} = {CD365C71-25DC-4936-98FC-E070808D3026}
		{4E05DB18-B8DA-468A-ACF2-C364617CAD9C} = {CD365C71-25DC-4936-98FC-E070808D3026}
		{361A9FDE-1435-43C6-8727-D1BB5EB1DDEE} = {CD365C71-25DC-4936-98FC-E070808D3026}
		{7B081675-6910-4FEC-9508-DE211EAE4093} = {361A9FDE-1435-43C6-8727-D1BB5EB1DDEE}
		{59435E8C-0D3B-49C4-8BD7-7BDAE6A641B9} = {361A9FDE-1435-43C6-8727-D1BB5EB1DDEE}
		{0E7C5132-DBA0-4C5B-B8EC-CCBB860AA217} = {361A9FDE-1435-43C6-8727-D1BB5EB1DDEE}
		{1DD5B64B-665B-434F-9180-656A66D83C1B} = {361A9FDE-1435-43C6-8727-D1BB5EB1DDEE}
		{3B5F1E52-91FF-4AD0-A780-6E32BF84C117} = {E54082E3-35DD-4E14-9702-5CB8F15E1D03}
		{DA4F9FC9-EAF1-4579-B8E8-9612A41A5488} = {3C61A4B1-1652-4682-AAB1-8E947E76D68E}
		{3C8C0F01-1961-4267-ACB5-6650390378C0} = {E5E670AF-73A9-4A4B-A493-F4AF8AD1A5A4}
		{85B67D90-E9CD-4CEC-BCDD-AD3A45668DD2} = {9ED7F8CA-349C-4D18-B53A-4C2583616FF7}
		{67C283A2-4181-4859-863A-962228E1D49F} = {9ED7F8CA-349C-4D18-B53A-4C2583616FF7}
		{F1E2F476-AC13-45C6-B9BD-BBCE79349453} = {0F3641E9-6AAF-4AAD-804E-69D20C4CC729}
		{E3971C9D-3A72-4B57-9453-3CEAE1F0E43E} = {361A9FDE-1435-43C6-8727-D1BB5EB1DDEE}
		{2CEB942F-6C43-4B07-ADA3-90DFD0F0A01B} = {3C61A4B1-1652-4682-AAB1-8E947E76D68E}
	EndGlobalSection
EndGlobal
